
Microsoft Visual Studio Solution File, Format Version 12.00
# Visual Studio 2012
Project("{FAE04EC0-301F-11D3-BF4B-00C04F79EFBC}") = "lib", "lib\lib.csproj", "{8A21EF4E-FF88-4013-8D6A-5FEBE999D833}"
EndProject
Project("{FAE04EC0-301F-11D3-BF4B-00C04F79EFBC}") = "ProblemsMiner", "ProblemsMiner\ProblemsMiner.csproj", "{D542BE32-150C-4BF5-A64E-BF66B20E92B5}"
EndProject
Project("{FAE04EC0-301F-11D3-BF4B-00C04F79EFBC}") = "Test", "Test\Test.csproj", "{9A54BDCE-DD55-472F-AC94-50801FDCED63}"
EndProject
Global
	GlobalSection(SolutionConfigurationPlatforms) = preSolution
		Debug|Any CPU = Debug|Any CPU
		Release|Any CPU = Release|Any CPU
	EndGlobalSection
	GlobalSection(ProjectConfigurationPlatforms) = postSolution
		{8A21EF4E-FF88-4013-8D6A-5FEBE999D833}.Debug|Any CPU.ActiveCfg = Debug|Any CPU
		{8A21EF4E-FF88-4013-8D6A-5FEBE999D833}.Debug|Any CPU.Build.0 = Debug|Any CPU
		{8A21EF4E-FF88-4013-8D6A-5FEBE999D833}.Release|Any CPU.ActiveCfg = Release|Any CPU
		{8A21EF4E-FF88-4013-8D6A-5FEBE999D833}.Release|Any CPU.Build.0 = Release|Any CPU
		{D542BE32-150C-4BF5-A64E-BF66B20E92B5}.Debug|Any CPU.ActiveCfg = Debug|Any CPU
		{D542BE32-150C-4BF5-A64E-BF66B20E92B5}.Debug|Any CPU.Build.0 = Debug|Any CPU
		{D542BE32-150C-4BF5-A64E-BF66B20E92B5}.Release|Any CPU.ActiveCfg = Release|Any CPU
		{D542BE32-150C-4BF5-A64E-BF66B20E92B5}.Release|Any CPU.Build.0 = Release|Any CPU
		{9A54BDCE-DD55-472F-AC94-50801FDCED63}.Debug|Any CPU.ActiveCfg = Debug|Any CPU
		{9A54BDCE-DD55-472F-AC94-50801FDCED63}.Debug|Any CPU.Build.0 = Debug|Any CPU
		{9A54BDCE-DD55-472F-AC94-50801FDCED63}.Release|Any CPU.ActiveCfg = Release|Any CPU
		{9A54BDCE-DD55-472F-AC94-50801FDCED63}.Release|Any CPU.Build.0 = Release|Any CPU
	EndGlobalSection
	GlobalSection(SolutionProperties) = preSolution
		HideSolutionNode = FALSE
	EndGlobalSection
	GlobalSection(Performance) = preSolution
		HasPerformanceSessions = true
	EndGlobalSection
EndGlobal
